
Microsoft Visual Studio Solution File, Format Version 12.00
# Visual Studio Version 16
VisualStudioVersion = 16.0.31313.79
MinimumVisualStudioVersion = 10.0.40219.1
Project("{9A19103F-16F7-4668-BE54-9A1E7A4F7556}") = "DAL", "DAL\DAL.csproj", "{9F274727-DD2C-462C-B270-1EE3EF4EBD29}"
EndProject
Project("{9A19103F-16F7-4668-BE54-9A1E7A4F7556}") = "DAL.Tests", "DAL.Tests\DAL.Tests.csproj", "{813BFDBC-559D-428C-A62C-54F7780253EE}"
EndProject
Project("{FAE04EC0-301F-11D3-BF4B-00C04F79EFBC}") = "BLL", "BLL\BLL.csproj", "{A6EAF67A-1046-4114-BEDD-2624462D9EC6}"
EndProject
Project("{FAE04EC0-301F-11D3-BF4B-00C04F79EFBC}") = "BLL.Tests", "BLL.Tests\BLL.Tests.csproj", "{DBF5AB17-E96E-4F81-BC6F-0110B6390715}"
EndProject
Project("{FAE04EC0-301F-11D3-BF4B-00C04F79EFBC}") = "CLL", "CLL\CLL.csproj", "{BEC91820-CC49-4C18-9E49-EF88FED048A5}"
EndProject
Global
	GlobalSection(SolutionConfigurationPlatforms) = preSolution
		Debug|Any CPU = Debug|Any CPU
		Release|Any CPU = Release|Any CPU
	EndGlobalSection
	GlobalSection(ProjectConfigurationPlatforms) = postSolution
		{9F274727-DD2C-462C-B270-1EE3EF4EBD29}.Debug|Any CPU.ActiveCfg = Debug|Any CPU
		{9F274727-DD2C-462C-B270-1EE3EF4EBD29}.Debug|Any CPU.Build.0 = Debug|Any CPU
		{9F274727-DD2C-462C-B270-1EE3EF4EBD29}.Release|Any CPU.ActiveCfg = Release|Any CPU
		{9F274727-DD2C-462C-B270-1EE3EF4EBD29}.Release|Any CPU.Build.0 = Release|Any CPU
		{813BFDBC-559D-428C-A62C-54F7780253EE}.Debug|Any CPU.ActiveCfg = Debug|Any CPU
		{813BFDBC-559D-428C-A62C-54F7780253EE}.Debug|Any CPU.Build.0 = Debug|Any CPU
		{813BFDBC-559D-428C-A62C-54F7780253EE}.Release|Any CPU.ActiveCfg = Release|Any CPU
		{813BFDBC-559D-428C-A62C-54F7780253EE}.Release|Any CPU.Build.0 = Release|Any CPU
		{A6EAF67A-1046-4114-BEDD-2624462D9EC6}.Debug|Any CPU.ActiveCfg = Debug|Any CPU
		{A6EAF67A-1046-4114-BEDD-2624462D9EC6}.Debug|Any CPU.Build.0 = Debug|Any CPU
		{A6EAF67A-1046-4114-BEDD-2624462D9EC6}.Release|Any CPU.ActiveCfg = Release|Any CPU
		{A6EAF67A-1046-4114-BEDD-2624462D9EC6}.Release|Any CPU.Build.0 = Release|Any CPU
		{DBF5AB17-E96E-4F81-BC6F-0110B6390715}.Debug|Any CPU.ActiveCfg = Debug|Any CPU
		{DBF5AB17-E96E-4F81-BC6F-0110B6390715}.Debug|Any CPU.Build.0 = Debug|Any CPU
		{DBF5AB17-E96E-4F81-BC6F-0110B6390715}.Release|Any CPU.ActiveCfg = Release|Any CPU
		{DBF5AB17-E96E-4F81-BC6F-0110B6390715}.Release|Any CPU.Build.0 = Release|Any CPU
		{BEC91820-CC49-4C18-9E49-EF88FED048A5}.Debug|Any CPU.ActiveCfg = Debug|Any CPU
		{BEC91820-CC49-4C18-9E49-EF88FED048A5}.Debug|Any CPU.Build.0 = Debug|Any CPU
		{BEC91820-CC49-4C18-9E49-EF88FED048A5}.Release|Any CPU.ActiveCfg = Release|Any CPU
		{BEC91820-CC49-4C18-9E49-EF88FED048A5}.Release|Any CPU.Build.0 = Release|Any CPU
	EndGlobalSection
	GlobalSection(SolutionProperties) = preSolution
		HideSolutionNode = FALSE
	EndGlobalSection
	GlobalSection(ExtensibilityGlobals) = postSolution
		SolutionGuid = {79C04722-2D06-4542-8318-A7F8C6700E65}
	EndGlobalSection
EndGlobal
